
Microsoft Visual Studio Solution File, Format Version 12.00
# Visual Studio Version 17
VisualStudioVersion = 17.14.36623.8
MinimumVisualStudioVersion = 10.0.40219.1
Project("{FAE04EC0-301F-11D3-BF4B-00C04F79EFBC}") = "CadExportX", "CadExportX\CadExportX.csproj", "{E636E1EB-2FDA-498F-AD9E-881CFAE2CDAF}"
EndProject
Project("{FAE04EC0-301F-11D3-BF4B-00C04F79EFBC}") = "CadExportX.Tests", "CadExportX.Tests\CadExportX.Tests.csproj", "{7C08911E-7B66-4A97-A815-129E2C657014}"
EndProject
Global
	GlobalSection(SolutionConfigurationPlatforms) = preSolution
		Debug|Any CPU = Debug|Any CPU
		Release|Any CPU = Release|Any CPU
	EndGlobalSection
	GlobalSection(ProjectConfigurationPlatforms) = postSolution
		{E636E1EB-2FDA-498F-AD9E-881CFAE2CDAF}.Debug|Any CPU.ActiveCfg = Debug|Any CPU
		{E636E1EB-2FDA-498F-AD9E-881CFAE2CDAF}.Debug|Any CPU.Build.0 = Debug|Any CPU
		{E636E1EB-2FDA-498F-AD9E-881CFAE2CDAF}.Release|Any CPU.ActiveCfg = Release|Any CPU
		{E636E1EB-2FDA-498F-AD9E-881CFAE2CDAF}.Release|Any CPU.Build.0 = Release|Any CPU
		{7C08911E-7B66-4A97-A815-129E2C657014}.Debug|Any CPU.ActiveCfg = Debug|Any CPU
		{7C08911E-7B66-4A97-A815-129E2C657014}.Debug|Any CPU.Build.0 = Debug|Any CPU
		{7C08911E-7B66-4A97-A815-129E2C657014}.Release|Any CPU.ActiveCfg = Release|Any CPU
		{7C08911E-7B66-4A97-A815-129E2C657014}.Release|Any CPU.Build.0 = Release|Any CPU
	EndGlobalSection
	GlobalSection(SolutionProperties) = preSolution
		HideSolutionNode = FALSE
	EndGlobalSection
	GlobalSection(ExtensibilityGlobals) = postSolution
		SolutionGuid = {C9AC819F-A96C-44C1-A07F-45A2C7CF0CA4}
	EndGlobalSection
EndGlobal
